PODS:
  - Alamofire (4.7.0)
  - Armchair (0.3.5)
  - Bolts (1.9.0):
    - Bolts/AppLinks (= 1.9.0)
    - Bolts/Tasks (= 1.9.0)
  - Bolts/AppLinks (1.9.0):
    - Bolts/Tasks
  - Bolts/Tasks (1.9.0)
  - CryptoSwift (0.8.3)
  - Differentiator (3.0.2)
  - Dispatch (2.0.4)
  - FBSDKCoreKit (4.31.1):
    - Bolts (~> 1.7)
  - GoogleAnalytics (3.17.0)
  - GzipSwift (4.0.4)
  - HMSegmentedControl (1.5.4)
  - INTULocationManager (4.3.0)
  - KeychainAccess (3.1.0)
  - MBProgressHUD (1.1.0)
  - PureLayout (3.0.2)
  - R.swift (4.0.0):
    - R.swift.Library (~> 4.0.0)
  - R.swift.Library (4.0.0)
  - RxCocoa (4.1.2):
    - RxSwift (~> 4.0)
  - RxDataSources (3.0.2):
    - Differentiator (~> 3.0)
    - RxCocoa (~> 4.0)
    - RxSwift (~> 4.0)
  - RxSwift (4.1.2)
  - SDWebImage/Core (4.3.3)
  - Siren (3.2.3)
  - SlideMenuControllerSwift (4.0.0)
  - SQLCipher (3.4.2):
    - SQLCipher/standard (= 3.4.2)
  - SQLCipher/common (3.4.2)
  - SQLCipher/standard (3.4.2):
    - SQLCipher/common
  - SQLite.swift/SQLCipher (0.11.4):
    - SQLCipher (>= 3.4.0)
  - SwiftReorder (3.2.0)
  - SwiftyJSON (4.0.0)
  - YandexMobileMetrica (2.9.6):
    - YandexMobileMetrica/Static (= 2.9.6)
  - YandexMobileMetrica/Static (2.9.6)

DEPENDENCIES:
  - Alamofire (~> 4.7)
  - Armchair (~> 0.3)
  - CryptoSwift (~> 0.8)
  - Dispatch (~> 2.0)
  - FBSDKCoreKit (~> 4.31)
  - GoogleAnalytics (~> 3.17)
  - GzipSwift (~> 4.0)
  - HMSegmentedControl (~> 1.5)
  - INTULocationManager (~> 4.2)
  - KeychainAccess (~> 3.1)
  - MBProgressHUD (~> 1.1)
  - PureLayout (~> 3.0)
  - R.swift (~> 4.0)
  - RxDataSources (~> 3.0)
  - SDWebImage/Core (~> 4.3)
  - Siren (~> 3.2)
  - SlideMenuControllerSwift (~> 4.0)
  - SQLCipher/standard (~> 3.4)
  - SQLite.swift/SQLCipher (~> 0.11)
  - SwiftReorder (~> 3.2)
  - SwiftyJSON (~> 4.0)
  - YandexMobileMetrica (~> 2.9)

SPEC CHECKSUMS:
  Alamofire: 907e0a98eb68cdb7f9d1f541a563d6ac5dc77b25
  Armchair: 0ab9237bc373e26245c7651acf193d85fb9c033a
  Bolts: ac6567323eac61e203f6a9763667d0f711be34c8
  CryptoSwift: 033efc3523865d19cc6ab6612fa17a62613b5dfa
  Differentiator: a87be69eba49ec4ab460c7671143ee3a9eececfd
  Dispatch: 7ed89f2845001c4161ad83f43988b584fae8fff4
  FBSDKCoreKit: e08ccfcefa7bc1347a07c276dac9bf6c7fe57024
  GoogleAnalytics: f42cc53a87a51fe94334821868d9c8481ff47a7b
  GzipSwift: 1a5bc5f7827e09846b0635b5079f1224bc3b1c3a
  HMSegmentedControl: b25bc4ec44766e073d62c473188fb354ee244b76
  INTULocationManager: 0ca5c76eacc029ba15938fc699520bc333ed6435
  KeychainAccess: 94c5540b32eabf7bc32bfb976a268e8ea05fd6da
  MBProgressHUD: e7baa36a220447d8aeb12769bf0585582f3866d9
  PureLayout: 4d550abe49a94f24c2808b9b95db9131685fe4cd
  R.swift: d6a5ec2f55a8441dc0ed9f1f8b37d7d11ae85c66
  R.swift.Library: c3af34921024333546e23b70e70d0b4e0cffca75
  RxCocoa: d88ba0f1f6abf040011a9eb4b539324fc426843a
  RxDataSources: cb7c31e652a87ebb919da45f716bbb87b3765f6b
  RxSwift: e49536837d9901277638493ea537394d4b55f570
  SDWebImage: de4d90b5bff3571eae7bd16202b1f43135409fa5
  Siren: aeb0151fcc47be5c9302b1e1c98816d8f77c95d9
  SlideMenuControllerSwift: 021d6318201c53d4d4d3710517d43d6c556c7dd0
  SQLCipher: f9fcf29b2e59ced7defc2a2bdd0ebe79b40d4990
  SQLite.swift: 3e3bee21da701b5b9f87c4a672cb54f233505692
  SwiftReorder: 27d737099efd6125339d5e8cb090e46c67341143
  SwiftyJSON: 070dabdcb1beb81b247c65ffa3a79dbbfb3b48aa
  YandexMobileMetrica: 330c11f9e4b8b3b72454c0cd80f61b4231467ebe

PODFILE CHECKSUM: 3f9aba39983567b173682a5818c2ea5e555487b8

COCOAPODS: 1.4.0
