PODS:
  - Alamofire (4.7.0)
  - Armchair (0.3.5)
  - Bolts (1.9.0):
    - Bolts/AppLinks (= 1.9.0)
    - Bolts/Tasks (= 1.9.0)
  - Bolts/AppLinks (1.9.0):
    - Bolts/Tasks
  - Bolts/Tasks (1.9.0)
  - ContentProviders (1.1.0):
    - ContentProviders/SQLite (= 1.1.0)
  - ContentProviders/SQLite (1.1.0):
    - ContentProvidersSQLite (= 1.1.0)
  - ContentProvidersSQLite (1.1.0):
    - CryptoSwift (~> 0.8.0)
    - SQLite.swift/SQLCipher (~> 0.11.4)
    - SwiftCommons/Concurrent (~> 1.1.0)
    - SwiftCommons/Extensions (~> 1.1.0)
  - CryptoSwift (0.8.3)
  - Differentiator (3.0.2)
  - Dispatch (2.0.4)
  - FBSDKCoreKit (4.31.0):
    - Bolts (~> 1.7)
  - GzipSwift (4.0.4)
  - INTULocationManager (4.3.0)
  - KeychainAccess (3.1.0)
  - MBProgressHUD (1.1.0)
  - ModernDesign (1.2.0):
    - ModernDesign/Extensions (= 1.2.0)
  - ModernDesign/Extensions (1.2.0):
    - ModernDesignExtensions (= 1.2.0)
  - ModernDesignExtensions (1.2.0):
    - SwiftCommons/Lang (~> 1.2.5)
  - NetworkingApi (1.2.0):
    - NetworkingApi/Converters (= 1.2.0)
    - NetworkingApi/Helpers (= 1.2.0)
    - NetworkingApi/Http (= 1.2.0)
    - NetworkingApi/ObjC (= 1.2.0)
    - NetworkingApi/Rest (= 1.2.0)
  - NetworkingApi/Converters (1.2.0):
    - NetworkingApiConverters (= 1.2.0)
  - NetworkingApi/Helpers (1.2.0):
    - NetworkingApiHelpers (= 1.2.0)
  - NetworkingApi/Http (1.2.0):
    - NetworkingApiHttp (= 1.2.0)
  - NetworkingApi/ObjC (1.2.0):
    - NetworkingApiObjC (= 1.2.0)
  - NetworkingApi/Rest (1.2.0):
    - NetworkingApiRest (= 1.2.0)
  - NetworkingApiConverters (1.2.0):
    - NetworkingApiRest (= 1.2.0)
    - SwiftCommons/Data (~> 1.2.5)
  - NetworkingApiHelpers (1.2.0):
    - Alamofire (~> 4.7.0)
    - NetworkingApiHttp (= 1.2.0)
  - NetworkingApiHttp (1.2.0):
    - SwiftCommons/Diagnostics (~> 1.2.5)
  - NetworkingApiObjC (1.2.0):
    - Alamofire (~> 4.7.0)
  - NetworkingApiRest (1.2.0):
    - Alamofire (~> 4.7.0)
    - NetworkingApiHelpers (= 1.2.0)
    - NetworkingApiObjC (= 1.2.0)
    - SwiftCommons/Data (~> 1.2.5)
    - SwiftyJSON (~> 4.0.0)
  - PureLayout (3.0.2)
  - R.swift (4.0.0):
    - R.swift.Library (~> 4.0.0)
  - R.swift.Library (4.0.0)
  - RxCocoa (4.1.2):
    - RxSwift (~> 4.0)
  - RxDataSources (3.0.2):
    - Differentiator (~> 3.0)
    - RxCocoa (~> 4.0)
    - RxSwift (~> 4.0)
  - RxSwift (4.1.2)
  - SDWebImage/Core (4.3.2)
  - Siren (3.2.0)
  - SlideMenuControllerSwift (4.0.0)
  - SQLCipher (3.4.2):
    - SQLCipher/standard (= 3.4.2)
  - SQLCipher/common (3.4.2)
  - SQLCipher/standard (3.4.2):
    - SQLCipher/common
  - SQLite.swift/SQLCipher (0.11.4):
    - SQLCipher (>= 3.4.0)
  - SwiftCommons (1.2.5):
    - SwiftCommons/Abstractions (= 1.2.5)
    - SwiftCommons/Concurrent (= 1.2.5)
    - SwiftCommons/Data (= 1.2.5)
    - SwiftCommons/Diagnostics (= 1.2.5)
    - SwiftCommons/Extensions (= 1.2.5)
    - SwiftCommons/Lang (= 1.2.5)
    - SwiftCommons/Logging (= 1.2.5)
    - SwiftCommons/ObjC (= 1.2.5)
  - SwiftCommons/Abstractions (1.2.5):
    - SwiftCommonsAbstractions (= 1.2.5)
  - SwiftCommons/Concurrent (1.2.5):
    - SwiftCommonsConcurrent (= 1.2.5)
  - SwiftCommons/Data (1.2.5):
    - SwiftCommonsData (= 1.2.5)
  - SwiftCommons/Diagnostics (1.2.5):
    - SwiftCommonsDiagnostics (= 1.2.5)
  - SwiftCommons/Extensions (1.2.5):
    - SwiftCommonsExtensions (= 1.2.5)
  - SwiftCommons/Lang (1.2.5):
    - SwiftCommonsLang (= 1.2.5)
  - SwiftCommons/Logging (1.2.5):
    - SwiftCommonsLogging (= 1.2.5)
  - SwiftCommons/ObjC (1.2.5):
    - SwiftCommonsObjC (= 1.2.5)
  - SwiftCommonsAbstractions (1.2.5)
  - SwiftCommonsConcurrent (1.2.5):
    - Dispatch (~> 2.0.4)
    - SwiftCommonsObjC (= 1.2.5)
  - SwiftCommonsData (1.2.5):
    - CryptoSwift (~> 0.8.3)
    - SwiftCommonsDiagnostics (= 1.2.5)
  - SwiftCommonsDiagnostics (1.2.5):
    - SwiftCommonsConcurrent (= 1.2.5)
    - SwiftCommonsExtensions (= 1.2.5)
  - SwiftCommonsExtensions (1.2.5):
    - SwiftCommonsAbstractions (= 1.2.5)
    - SwiftCommonsLogging (= 1.2.5)
  - SwiftCommonsLang (1.2.5)
  - SwiftCommonsLogging (1.2.5):
    - SwiftCommonsConcurrent (= 1.2.5)
    - SwiftCommonsLang (= 1.2.5)
  - SwiftCommonsObjC (1.2.5)
  - SwiftReorder (3.2.0)
  - SwiftyJSON (4.0.0)
  - YandexMobileMetrica (2.9.6):
    - YandexMobileMetrica/Static (= 2.9.6)
  - YandexMobileMetrica/Static (2.9.6)

DEPENDENCIES:
  - Alamofire (from `../../Dependencies/Alamofire/Pod-4.7.0.podspec`)
  - Armchair (from `../../Dependencies/Armchair/Pod-0.3.5-patch.1.podspec`)
  - Bolts (from `../../Dependencies/Bolts/Pod-1.9.0.podspec`)
  - ContentProviders (from `../../Dependencies/ContentProviders/Pod-1.1.0.podspec`)
  - ContentProvidersSQLite (from `../../Dependencies/ContentProvidersSQLite/Pod-1.1.0.podspec`)
  - CryptoSwift (from `../../Dependencies/CryptoSwift/Pod-0.8.3.podspec`)
  - Differentiator (from `../../Dependencies/Differentiator/Pod-3.0.2.podspec`)
  - Dispatch (from `../../Dependencies/Dispatch/Pod-2.0.4.podspec`)
  - FBSDKCoreKit (from `../../Dependencies/FBSDKCoreKit/Pod-4.31.0.podspec`)
  - GzipSwift (from `../../Dependencies/GzipSwift/Pod-4.0.4.podspec`)
  - INTULocationManager (from `../../Dependencies/INTULocationManager/Pod-4.3.0.podspec`)
  - KeychainAccess (from `../../Dependencies/KeychainAccess/Pod-3.1.0.podspec`)
  - MBProgressHUD (from `../../Dependencies/MBProgressHUD/Pod-1.1.0.podspec`)
  - ModernDesign (from `../../Dependencies/ModernDesign/Pod-1.2.0.podspec`)
  - ModernDesignExtensions (from `../../Dependencies/ModernDesignExtensions/Pod-1.2.0.podspec`)
  - NetworkingApi (from `../../Dependencies/NetworkingApi/Pod-1.2.0.podspec`)
  - NetworkingApiConverters (from `../../Dependencies/NetworkingApiConverters/Pod-1.2.0.podspec`)
  - NetworkingApiHelpers (from `../../Dependencies/NetworkingApiHelpers/Pod-1.2.0.podspec`)
  - NetworkingApiHttp (from `../../Dependencies/NetworkingApiHttp/Pod-1.2.0.podspec`)
  - NetworkingApiObjC (from `../../Dependencies/NetworkingApiObjC/Pod-1.2.0.podspec`)
  - NetworkingApiRest (from `../../Dependencies/NetworkingApiRest/Pod-1.2.0.podspec`)
  - PureLayout (from `../../Dependencies/PureLayout/Pod-3.0.2.podspec`)
  - R.swift (from `../../Dependencies/R.swift/Pod-4.0.0.podspec`)
  - R.swift.Library (from `../../Dependencies/R.swift.Library/Pod-4.0.0-patch.1.podspec`)
  - RxCocoa (from `../../Dependencies/RxCocoa/Pod-4.1.2.podspec`)
  - RxDataSources (from `../../Dependencies/RxDataSources/Pod-3.0.2.podspec`)
  - RxSwift (from `../../Dependencies/RxSwift/Pod-4.1.2.podspec`)
  - SDWebImage/Core (from `../../Dependencies/SDWebImage/Pod-4.3.2.podspec`)
  - Siren (from `../../Dependencies/Siren/Pod-3.2.0.podspec`)
  - SlideMenuControllerSwift (from `../../Dependencies/SlideMenuControllerSwift/Pod-4.0.0-patch.1.podspec`)
  - SQLCipher/standard (from `../../Dependencies/SQLCipher/Pod-3.4.2.podspec`)
  - SQLite.swift/SQLCipher (from `../../Dependencies/SQLite.swift/Pod-0.11.4.podspec`)
  - SwiftCommons (from `../../Dependencies/SwiftCommons/Pod-1.2.5.podspec`)
  - SwiftCommonsAbstractions (from `../../Dependencies/SwiftCommonsAbstractions/Pod-1.2.5.podspec`)
  - SwiftCommonsConcurrent (from `../../Dependencies/SwiftCommonsConcurrent/Pod-1.2.5.podspec`)
  - SwiftCommonsData (from `../../Dependencies/SwiftCommonsData/Pod-1.2.5.podspec`)
  - SwiftCommonsDiagnostics (from `../../Dependencies/SwiftCommonsDiagnostics/Pod-1.2.5.podspec`)
  - SwiftCommonsExtensions (from `../../Dependencies/SwiftCommonsExtensions/Pod-1.2.5.podspec`)
  - SwiftCommonsLang (from `../../Dependencies/SwiftCommonsLang/Pod-1.2.5.podspec`)
  - SwiftCommonsLogging (from `../../Dependencies/SwiftCommonsLogging/Pod-1.2.5.podspec`)
  - SwiftCommonsObjC (from `../../Dependencies/SwiftCommonsObjC/Pod-1.2.5.podspec`)
  - SwiftReorder (from `../../Dependencies/SwiftReorder/Pod-3.2.0.podspec`)
  - SwiftyJSON (from `../../Dependencies/SwiftyJSON/Pod-4.0.0.podspec`)
  - YandexMobileMetrica (from `../../Dependencies/YandexMobileMetrica/Pod-2.9.6.podspec`)

EXTERNAL SOURCES:
  Alamofire:
    :path: ../../Dependencies/Alamofire/Pod-4.7.0.podspec
  Armchair:
    :path: ../../Dependencies/Armchair/Pod-0.3.5-patch.1.podspec
  Bolts:
    :path: ../../Dependencies/Bolts/Pod-1.9.0.podspec
  ContentProviders:
    :path: ../../Dependencies/ContentProviders/Pod-1.1.0.podspec
  ContentProvidersSQLite:
    :path: ../../Dependencies/ContentProvidersSQLite/Pod-1.1.0.podspec
  CryptoSwift:
    :path: ../../Dependencies/CryptoSwift/Pod-0.8.3.podspec
  Differentiator:
    :path: ../../Dependencies/Differentiator/Pod-3.0.2.podspec
  Dispatch:
    :path: ../../Dependencies/Dispatch/Pod-2.0.4.podspec
  FBSDKCoreKit:
    :path: ../../Dependencies/FBSDKCoreKit/Pod-4.31.0.podspec
  GzipSwift:
    :path: ../../Dependencies/GzipSwift/Pod-4.0.4.podspec
  INTULocationManager:
    :path: ../../Dependencies/INTULocationManager/Pod-4.3.0.podspec
  KeychainAccess:
    :path: ../../Dependencies/KeychainAccess/Pod-3.1.0.podspec
  MBProgressHUD:
    :path: ../../Dependencies/MBProgressHUD/Pod-1.1.0.podspec
  ModernDesign:
    :path: ../../Dependencies/ModernDesign/Pod-1.2.0.podspec
  ModernDesignExtensions:
    :path: ../../Dependencies/ModernDesignExtensions/Pod-1.2.0.podspec
  NetworkingApi:
    :path: ../../Dependencies/NetworkingApi/Pod-1.2.0.podspec
  NetworkingApiConverters:
    :path: ../../Dependencies/NetworkingApiConverters/Pod-1.2.0.podspec
  NetworkingApiHelpers:
    :path: ../../Dependencies/NetworkingApiHelpers/Pod-1.2.0.podspec
  NetworkingApiHttp:
    :path: ../../Dependencies/NetworkingApiHttp/Pod-1.2.0.podspec
  NetworkingApiObjC:
    :path: ../../Dependencies/NetworkingApiObjC/Pod-1.2.0.podspec
  NetworkingApiRest:
    :path: ../../Dependencies/NetworkingApiRest/Pod-1.2.0.podspec
  PureLayout:
    :path: ../../Dependencies/PureLayout/Pod-3.0.2.podspec
  R.swift:
    :path: ../../Dependencies/R.swift/Pod-4.0.0.podspec
  R.swift.Library:
    :path: ../../Dependencies/R.swift.Library/Pod-4.0.0-patch.1.podspec
  RxCocoa:
    :path: ../../Dependencies/RxCocoa/Pod-4.1.2.podspec
  RxDataSources:
    :path: ../../Dependencies/RxDataSources/Pod-3.0.2.podspec
  RxSwift:
    :path: ../../Dependencies/RxSwift/Pod-4.1.2.podspec
  SDWebImage:
    :path: ../../Dependencies/SDWebImage/Pod-4.3.2.podspec
  Siren:
    :path: ../../Dependencies/Siren/Pod-3.2.0.podspec
  SlideMenuControllerSwift:
    :path: ../../Dependencies/SlideMenuControllerSwift/Pod-4.0.0-patch.1.podspec
  SQLCipher:
    :path: ../../Dependencies/SQLCipher/Pod-3.4.2.podspec
  SQLite.swift:
    :path: ../../Dependencies/SQLite.swift/Pod-0.11.4.podspec
  SwiftCommons:
    :path: ../../Dependencies/SwiftCommons/Pod-1.2.5.podspec
  SwiftCommonsAbstractions:
    :path: ../../Dependencies/SwiftCommonsAbstractions/Pod-1.2.5.podspec
  SwiftCommonsConcurrent:
    :path: ../../Dependencies/SwiftCommonsConcurrent/Pod-1.2.5.podspec
  SwiftCommonsData:
    :path: ../../Dependencies/SwiftCommonsData/Pod-1.2.5.podspec
  SwiftCommonsDiagnostics:
    :path: ../../Dependencies/SwiftCommonsDiagnostics/Pod-1.2.5.podspec
  SwiftCommonsExtensions:
    :path: ../../Dependencies/SwiftCommonsExtensions/Pod-1.2.5.podspec
  SwiftCommonsLang:
    :path: ../../Dependencies/SwiftCommonsLang/Pod-1.2.5.podspec
  SwiftCommonsLogging:
    :path: ../../Dependencies/SwiftCommonsLogging/Pod-1.2.5.podspec
  SwiftCommonsObjC:
    :path: ../../Dependencies/SwiftCommonsObjC/Pod-1.2.5.podspec
  SwiftReorder:
    :path: ../../Dependencies/SwiftReorder/Pod-3.2.0.podspec
  SwiftyJSON:
    :path: ../../Dependencies/SwiftyJSON/Pod-4.0.0.podspec
  YandexMobileMetrica:
    :path: ../../Dependencies/YandexMobileMetrica/Pod-2.9.6.podspec

SPEC CHECKSUMS:
  Alamofire: c690e03ff2045df13efd30def4d70bc8b5f3544c
  Armchair: c38c5cb5e6cc85b420b7cbb85750d0395bc43628
  Bolts: d974dbd1ae2ed8e597f94fb2b2d153cd41209c72
  ContentProviders: 60bd0259e669698fb2cc781a5d3b158b10581992
  ContentProvidersSQLite: e2a40fc93c6fe240a49cda65ca89389297b5141c
  CryptoSwift: 3a840f288192aa9a6bb2295fcdc8aa035fa987d0
  Differentiator: a4fe87fa78c7e11c09d142dfe3fe547cc0c75098
  Dispatch: 3edc705b34dbe28ab9a5b510f62f51935548af05
  FBSDKCoreKit: 9827bae7f3b4078002e52fe250a8d1b09d5fb31d
  GzipSwift: 2e8deb8095d5cc6e46b4f13e75458085990d7bf5
  INTULocationManager: dbe890b64da7ac69bb58f84272c0b3a1c0887f43
  KeychainAccess: eafd51a9b6c3cf606e84cc5578a6901b82a65336
  MBProgressHUD: ae4075e4ac8c8d6ab62a6fbc46b6e783f034bd3b
  ModernDesign: 025423a5a7436f5cf02eb09150da11722d094a7a
  ModernDesignExtensions: 6541038e1a7f7b9e7243108f64a72c8ef19856b1
  NetworkingApi: 76e234959ee16fe4068c79704eccc8d3066769aa
  NetworkingApiConverters: 30562693b1e528f296c835fab3e1fea890e2b888
  NetworkingApiHelpers: f1f1dc039f247889d52f0d4bbabae810fede49c1
  NetworkingApiHttp: a69e9ebf7072b4a09014f84cd63114d276bf1b06
  NetworkingApiObjC: fd134cfb2cb70f05f1d47f01fb8eb7d2c9ed8ba5
  NetworkingApiRest: 787c7ac39be1ce87398d327f83579c3ca9a71e81
  PureLayout: 42faa6dce35db5c265962231a42a1c4240653f69
  R.swift: 7950309ce3d2730925e35714fffa12916e2f3382
  R.swift.Library: ff5ff9ef8dbb65c9c2a89f7a009ce9236512577b
  RxCocoa: 8922db968aa8c2a16d2a52944f9bd01348ce27c6
  RxDataSources: 5df54c4b74fca54db8c225f58a8aea7c56872674
  RxSwift: 40ec76e4679a89d96f0477b88f99c426af80e589
  SDWebImage: cdabcd2b30703873f5a1f97f12832898a19340b8
  Siren: e3488bd7b726d58951210628b4f5afde37cb76c7
  SlideMenuControllerSwift: 7346c735a2c7dbe056c96fd4b1f518e5cbc7c3cd
  SQLCipher: 6cd994af8c601e2c2d4b2ef8607639233a714b11
  SQLite.swift: 6fd20b477ae434177a4ca483da74068e949cd2ee
  SwiftCommons: 4cd7e4a979a9b5f492485ab003252c0315804d1c
  SwiftCommonsAbstractions: f11d6e524a3976d1f8d7e743c2b051001f61fa50
  SwiftCommonsConcurrent: 197da0d4fa21afbbc4282478d3f96018cdbaed9d
  SwiftCommonsData: 955cf0788ac02e94143b617b5597a0f61843e03e
  SwiftCommonsDiagnostics: be9433b98557111917b1af8010ff50cd5a9df6a7
  SwiftCommonsExtensions: 87e0139cc9467c685488e1edbf17f9d2760bc78f
  SwiftCommonsLang: 82b70779ef7303f0403e9555a4a5a4e8ec8a4ad8
  SwiftCommonsLogging: 5902f75fc2b9d7d4321a48d3051a2c67fb74deda
  SwiftCommonsObjC: 6fefb1b26695a68843582fa5208fac703532253b
  SwiftReorder: 0c50a8926f23c9ba7ce581b1be9598e4db7e2444
  SwiftyJSON: 11f4af78d289e2c50745f5fec4e6318d16c0dfb6
  YandexMobileMetrica: f8e035e00401814bed3f3c97bff6fccdd621b742

PODFILE CHECKSUM: b81e1d6a956edfbab4ae7281e2dc1242db2cedf6

COCOAPODS: 1.4.0
