PODS:
  - Alamofire (4.8.1)
  - Armchair (0.3.6)
  - Bolts (1.9.0):
    - Bolts/AppLinks (= 1.9.0)
    - Bolts/Tasks (= 1.9.0)
  - Bolts/AppLinks (1.9.0):
    - Bolts/Tasks
  - Bolts/Tasks (1.9.0)
  - Charts (3.2.1):
    - Charts/Core (= 3.2.1)
  - Charts/Core (3.2.1)
  - ContentProviders (1.4.0):
    - ContentProviders/SQLite (= 1.4.0)
  - ContentProviders/SQLite (1.4.0):
    - ContentProvidersSQLite (= 1.4.0)
  - ContentProvidersSQLite (1.4.0):
    - CryptoSwift (1.3.2)
    - SQLCipher (< 4.0.0, ~> 3.4.2)
    - SQLite.swift/SQLCipher (< 0.11.6, ~> 0.11.5)
    - SwiftCommons/Concurrent (~> 1.4.0)
    - SwiftCommons/Extensions (~> 1.4.0)
  - CryptoSwift (1.3.2)
  - Differentiator (3.1.0)
  - Dispatch (2.0.4)
  - FBSDKCoreKit (4.40.0):
    - Bolts (~> 1.9)
  - GHODictionary (1.1.0)
  - GzipSwift (4.0.4)
  - HMSegmentedControl (1.5.5)
  - INTULocationManager (4.3.2)
  - KeychainAccess (3.1.2)
  - lottie-ios (2.5.2)
  - MBProgressHUD (1.1.0)
  - ModernDesign (1.4.0):
    - ModernDesign/Extensions (= 1.4.0)
  - ModernDesign/Extensions (1.4.0):
    - ModernDesignExtensions (= 1.4.0)
  - ModernDesignExtensions (1.4.0):
    - SwiftCommons/Lang (~> 1.4.0)
  - MPMessagePack (1.5.1):
    - GHODictionary
  - MXPagerView (0.2.1)
  - MXParallaxHeader (0.6.1)
  - MXSegmentedPager (3.3.0):
    - HMSegmentedControl (~> 1.5.3)
    - MXPagerView (~> 0.2.1)
    - MXParallaxHeader (~> 0.6.1)
  - NetworkingApi (1.4.0):
    - NetworkingApi/Converters (= 1.4.0)
    - NetworkingApi/Helpers (= 1.4.0)
    - NetworkingApi/Http (= 1.4.0)
    - NetworkingApi/ObjC (= 1.4.0)
    - NetworkingApi/Rest (= 1.4.0)
  - NetworkingApi/Converters (1.4.0):
    - NetworkingApiConverters (= 1.4.0)
  - NetworkingApi/Helpers (1.4.0):
    - NetworkingApiHelpers (= 1.4.0)
  - NetworkingApi/Http (1.4.0):
    - NetworkingApiHttp (= 1.4.0)
  - NetworkingApi/ObjC (1.4.0):
    - NetworkingApiObjC (= 1.4.0)
  - NetworkingApi/Rest (1.4.0):
    - NetworkingApiRest (= 1.4.0)
  - NetworkingApiConverters (1.4.0):
    - NetworkingApiRest (= 1.4.0)
    - SwiftCommons/Data (~> 1.4.0)
  - NetworkingApiHelpers (1.4.0):
    - Alamofire (~> 4.8.1)
    - NetworkingApiHttp (= 1.4.0)
  - NetworkingApiHttp (1.4.0):
    - SwiftCommons/Diagnostics (~> 1.4.0)
  - NetworkingApiObjC (1.4.0):
    - Alamofire (~> 4.8.1)
  - NetworkingApiRest (1.4.0):
    - Alamofire (~> 4.8.1)
    - NetworkingApiHelpers (= 1.4.0)
    - NetworkingApiObjC (= 1.4.0)
    - SwiftCommons/Data (~> 1.4.0)
    - SwiftyJSON (~> 4.2.0)
  - PDTSimpleCalendar (0.9.1)
  - PureLayout (3.1.4)
  - R.swift (5.0.2):
    - R.swift.Library (~> 5.0.0)
  - R.swift.Library (5.0.0)
  - ROStorageBar (2.1.3)
  - RxAtomic (4.4.0)
  - RxCocoa (4.4.0):
    - RxSwift (~> 4.0)
  - RxDataSources (3.1.0):
    - Differentiator (~> 3.0)
    - RxCocoa (~> 4.0)
    - RxSwift (~> 4.0)
  - RxSwift (4.4.0):
    - RxAtomic (~> 4.4)
  - SDWebImage/Core (4.4.5)
  - Siren (4.1.1)
  - SlideMenuControllerSwift (4.0.0)
  - SQLCipher (3.4.2):
    - SQLCipher/standard (= 3.4.2)
  - SQLCipher/common (3.4.2)
  - SQLCipher/standard (3.4.2):
    - SQLCipher/common
  - SQLite.swift/SQLCipher (0.11.5):
    - SQLCipher (< 4.0.0, >= 3.4.0)
  - SwiftCommons (1.5.0):
    - SwiftCommons/Abstractions (= 1.5.0)
    - SwiftCommons/Concurrent (= 1.5.0)
    - SwiftCommons/Data (= 1.5.0)
    - SwiftCommons/Diagnostics (= 1.5.0)
    - SwiftCommons/Extensions (= 1.5.0)
    - SwiftCommons/Lang (= 1.5.0)
    - SwiftCommons/Logging (= 1.5.0)
    - SwiftCommons/ObjC (= 1.5.0)
  - SwiftCommons/Abstractions (1.5.0):
    - SwiftCommonsAbstractions (= 1.5.0)
  - SwiftCommons/Concurrent (1.5.0):
    - SwiftCommonsConcurrent (= 1.5.0)
  - SwiftCommons/Data (1.5.0):
    - SwiftCommonsData (= 1.5.0)
  - SwiftCommons/Diagnostics (1.5.0):
    - SwiftCommonsDiagnostics (= 1.5.0)
  - SwiftCommons/Extensions (1.5.0):
    - SwiftCommonsExtensions (= 1.5.0)
  - SwiftCommons/Lang (1.5.0):
    - SwiftCommonsLang (= 1.5.0)
  - SwiftCommons/Logging (1.5.0):
    - SwiftCommonsLogging (= 1.5.0)
  - SwiftCommons/ObjC (1.5.0):
    - SwiftCommonsObjC (= 1.5.0)
  - SwiftCommonsAbstractions (1.5.0)
  - SwiftCommonsConcurrent (1.5.0):
    - Dispatch (~> 2.0.4)
    - SwiftCommonsObjC (= 1.5.0)
  - SwiftCommonsData (1.5.0):
    - CryptoSwift (~> 1.3.2)
    - MPMessagePack (~> 1.5.1)
    - SwiftCommonsDiagnostics (= 1.5.0)
  - SwiftCommonsDiagnostics (1.5.0):
    - SwiftCommonsConcurrent (= 1.5.0)
    - SwiftCommonsExtensions (= 1.5.0)
  - SwiftCommonsExtensions (1.5.0):
    - SwiftCommonsAbstractions (= 1.5.0)
    - SwiftCommonsLogging (= 1.5.0)
  - SwiftCommonsLang (1.5.0)
  - SwiftCommonsLogging (1.5.0):
    - SwiftCommonsConcurrent (= 1.5.0)
    - SwiftCommonsLang (= 1.5.0)
  - SwiftCommonsObjC (1.5.0)
  - SwiftReorder (6.0.1)
  - SwiftyJSON (4.2.0)
  - Toast (4.0.0)

DEPENDENCIES:
  - Alamofire (from `../../Dependencies/Alamofire/Pod-4.8.1.podspec`)
  - Armchair (from `../../Dependencies/Armchair/Pod-0.3.6-patch.3.podspec`)
  - Bolts (from `../../Dependencies/Bolts/Pod-1.9.0.podspec`)
  - Charts (from `../../Dependencies/Charts/Pod-3.2.1.podspec`)
  - ContentProviders (from `../../Dependencies/ContentProviders/Pod-1.4.0.podspec`)
  - ContentProvidersSQLite (from `../../Dependencies/ContentProvidersSQLite/Pod-1.4.0.podspec`)
  - CryptoSwift (from `../../Dependencies/CryptoSwift/Pod-1.3.2.podspec`)
  - Differentiator (from `../../Dependencies/Differentiator/Pod-3.1.0.podspec`)
  - Dispatch (from `../../Dependencies/Dispatch/Pod-2.0.4.podspec`)
  - FBSDKCoreKit (from `../../Dependencies/FBSDKCoreKit/Pod-4.40.0.podspec`)
  - GHODictionary (from `../../Dependencies/GHODictionary/Pod-1.1.0.podspec`)
  - GzipSwift (from `../../Dependencies/GzipSwift/Pod-4.0.4.podspec`)
  - HMSegmentedControl (from `../../Dependencies/HMSegmentedControl/Pod-1.5.5.podspec`)
  - INTULocationManager (from `../../Dependencies/INTULocationManager/Pod-4.3.2.podspec`)
  - KeychainAccess (from `../../Dependencies/KeychainAccess/Pod-3.1.2.podspec`)
  - lottie-ios (from `../../Dependencies/lottie-ios/Pod-2.5.2.podspec`)
  - MBProgressHUD (from `../../Dependencies/MBProgressHUD/Pod-1.1.0.podspec`)
  - ModernDesign (from `../../Dependencies/ModernDesign/Pod-1.4.0.podspec`)
  - ModernDesignExtensions (from `../../Dependencies/ModernDesignExtensions/Pod-1.4.0.podspec`)
  - MPMessagePack (from `../../Dependencies/MPMessagePack/Pod-1.5.1.podspec`)
  - MXPagerView (from `../../Dependencies/MXPagerView/Pod-0.2.1.podspec`)
  - MXParallaxHeader (from `../../Dependencies/MXParallaxHeader/Pod-0.6.1.podspec`)
  - MXSegmentedPager (from `../../Dependencies/MXSegmentedPager/Pod-3.3.0.podspec`)
  - NetworkingApi (from `../../Dependencies/NetworkingApi/Pod-1.4.0.podspec`)
  - NetworkingApiConverters (from `../../Dependencies/NetworkingApiConverters/Pod-1.4.0.podspec`)
  - NetworkingApiHelpers (from `../../Dependencies/NetworkingApiHelpers/Pod-1.4.0.podspec`)
  - NetworkingApiHttp (from `../../Dependencies/NetworkingApiHttp/Pod-1.4.0.podspec`)
  - NetworkingApiObjC (from `../../Dependencies/NetworkingApiObjC/Pod-1.4.0.podspec`)
  - NetworkingApiRest (from `../../Dependencies/NetworkingApiRest/Pod-1.4.0.podspec`)
  - PDTSimpleCalendar (from `../../Dependencies/PDTSimpleCalendar/Pod-0.9.1.podspec`)
  - PureLayout (from `../../Dependencies/PureLayout/Pod-3.1.4.podspec`)
  - R.swift (from `../../Dependencies/R.swift/Pod-5.0.2.podspec`)
  - R.swift.Library (from `../../Dependencies/R.swift.Library/Pod-5.0.0.podspec`)
  - ROStorageBar (from `../../Dependencies/ROStorageBar/Pod-2.1.3-patch.2.podspec`)
  - RxAtomic (from `../../Dependencies/RxAtomic/Pod-4.4.0.podspec`)
  - RxCocoa (from `../../Dependencies/RxCocoa/Pod-4.4.0.podspec`)
  - RxDataSources (from `../../Dependencies/RxDataSources/Pod-3.1.0.podspec`)
  - RxSwift (from `../../Dependencies/RxSwift/Pod-4.4.0.podspec`)
  - SDWebImage/Core (from `../../Dependencies/SDWebImage/Pod-4.4.5.podspec`)
  - Siren (from `../../Dependencies/Siren/Pod-4.1.1.podspec`)
  - SlideMenuControllerSwift (from `../../Dependencies/SlideMenuControllerSwift/Pod-4.0.0-patch.3.podspec`)
  - SQLCipher/standard (from `../../Dependencies/SQLCipher/Pod-3.4.2.podspec`)
  - SQLite.swift/SQLCipher (from `../../Dependencies/SQLite.swift/Pod-0.11.5.podspec`)
  - SwiftCommons (from `../../Dependencies/SwiftCommons/Pod-1.5.0.podspec`)
  - SwiftCommonsAbstractions (from `../../Dependencies/SwiftCommonsAbstractions/Pod-1.5.0.podspec`)
  - SwiftCommonsConcurrent (from `../../Dependencies/SwiftCommonsConcurrent/Pod-1.5.0.podspec`)
  - SwiftCommonsData (from `../../Dependencies/SwiftCommonsData/Pod-1.5.0.podspec`)
  - SwiftCommonsDiagnostics (from `../../Dependencies/SwiftCommonsDiagnostics/Pod-1.5.0.podspec`)
  - SwiftCommonsExtensions (from `../../Dependencies/SwiftCommonsExtensions/Pod-1.5.0.podspec`)
  - SwiftCommonsLang (from `../../Dependencies/SwiftCommonsLang/Pod-1.5.0.podspec`)
  - SwiftCommonsLogging (from `../../Dependencies/SwiftCommonsLogging/Pod-1.5.0.podspec`)
  - SwiftCommonsObjC (from `../../Dependencies/SwiftCommonsObjC/Pod-1.5.0.podspec`)
  - SwiftReorder (from `../../Dependencies/SwiftReorder/Pod-6.0.1.podspec`)
  - SwiftyJSON (from `../../Dependencies/SwiftyJSON/Pod-4.2.0.podspec`)
  - Toast (from `../../Dependencies/Toast/Pod-4.0.0.podspec`)

EXTERNAL SOURCES:
  Alamofire:
    :path: "../../Dependencies/Alamofire/Pod-4.8.1.podspec"
  Armchair:
    :path: "../../Dependencies/Armchair/Pod-0.3.6-patch.3.podspec"
  Bolts:
    :path: "../../Dependencies/Bolts/Pod-1.9.0.podspec"
  Charts:
    :path: "../../Dependencies/Charts/Pod-3.2.1.podspec"
  ContentProviders:
    :path: "../../Dependencies/ContentProviders/Pod-1.4.0.podspec"
  ContentProvidersSQLite:
    :path: "../../Dependencies/ContentProvidersSQLite/Pod-1.4.0.podspec"
  CryptoSwift:
    :path: "../../Dependencies/CryptoSwift/Pod-1.3.2.podspec"
  Differentiator:
    :path: "../../Dependencies/Differentiator/Pod-3.1.0.podspec"
  Dispatch:
    :path: "../../Dependencies/Dispatch/Pod-2.0.4.podspec"
  FBSDKCoreKit:
    :path: "../../Dependencies/FBSDKCoreKit/Pod-4.40.0.podspec"
  GHODictionary:
    :path: "../../Dependencies/GHODictionary/Pod-1.1.0.podspec"
  GzipSwift:
    :path: "../../Dependencies/GzipSwift/Pod-4.0.4.podspec"
  HMSegmentedControl:
    :path: "../../Dependencies/HMSegmentedControl/Pod-1.5.5.podspec"
  INTULocationManager:
    :path: "../../Dependencies/INTULocationManager/Pod-4.3.2.podspec"
  KeychainAccess:
    :path: "../../Dependencies/KeychainAccess/Pod-3.1.2.podspec"
  lottie-ios:
    :path: "../../Dependencies/lottie-ios/Pod-2.5.2.podspec"
  MBProgressHUD:
    :path: "../../Dependencies/MBProgressHUD/Pod-1.1.0.podspec"
  ModernDesign:
    :path: "../../Dependencies/ModernDesign/Pod-1.4.0.podspec"
  ModernDesignExtensions:
    :path: "../../Dependencies/ModernDesignExtensions/Pod-1.4.0.podspec"
  MPMessagePack:
    :path: "../../Dependencies/MPMessagePack/Pod-1.5.1.podspec"
  MXPagerView:
    :path: "../../Dependencies/MXPagerView/Pod-0.2.1.podspec"
  MXParallaxHeader:
    :path: "../../Dependencies/MXParallaxHeader/Pod-0.6.1.podspec"
  MXSegmentedPager:
    :path: "../../Dependencies/MXSegmentedPager/Pod-3.3.0.podspec"
  NetworkingApi:
    :path: "../../Dependencies/NetworkingApi/Pod-1.4.0.podspec"
  NetworkingApiConverters:
    :path: "../../Dependencies/NetworkingApiConverters/Pod-1.4.0.podspec"
  NetworkingApiHelpers:
    :path: "../../Dependencies/NetworkingApiHelpers/Pod-1.4.0.podspec"
  NetworkingApiHttp:
    :path: "../../Dependencies/NetworkingApiHttp/Pod-1.4.0.podspec"
  NetworkingApiObjC:
    :path: "../../Dependencies/NetworkingApiObjC/Pod-1.4.0.podspec"
  NetworkingApiRest:
    :path: "../../Dependencies/NetworkingApiRest/Pod-1.4.0.podspec"
  PDTSimpleCalendar:
    :path: "../../Dependencies/PDTSimpleCalendar/Pod-0.9.1.podspec"
  PureLayout:
    :path: "../../Dependencies/PureLayout/Pod-3.1.4.podspec"
  R.swift:
    :path: "../../Dependencies/R.swift/Pod-5.0.2.podspec"
  R.swift.Library:
    :path: "../../Dependencies/R.swift.Library/Pod-5.0.0.podspec"
  ROStorageBar:
    :path: "../../Dependencies/ROStorageBar/Pod-2.1.3-patch.2.podspec"
  RxAtomic:
    :path: "../../Dependencies/RxAtomic/Pod-4.4.0.podspec"
  RxCocoa:
    :path: "../../Dependencies/RxCocoa/Pod-4.4.0.podspec"
  RxDataSources:
    :path: "../../Dependencies/RxDataSources/Pod-3.1.0.podspec"
  RxSwift:
    :path: "../../Dependencies/RxSwift/Pod-4.4.0.podspec"
  SDWebImage:
    :path: "../../Dependencies/SDWebImage/Pod-4.4.5.podspec"
  Siren:
    :path: "../../Dependencies/Siren/Pod-4.1.1.podspec"
  SlideMenuControllerSwift:
    :path: "../../Dependencies/SlideMenuControllerSwift/Pod-4.0.0-patch.3.podspec"
  SQLCipher:
    :path: "../../Dependencies/SQLCipher/Pod-3.4.2.podspec"
  SQLite.swift:
    :path: "../../Dependencies/SQLite.swift/Pod-0.11.5.podspec"
  SwiftCommons:
    :path: "../../Dependencies/SwiftCommons/Pod-1.5.0.podspec"
  SwiftCommonsAbstractions:
    :path: "../../Dependencies/SwiftCommonsAbstractions/Pod-1.5.0.podspec"
  SwiftCommonsConcurrent:
    :path: "../../Dependencies/SwiftCommonsConcurrent/Pod-1.5.0.podspec"
  SwiftCommonsData:
    :path: "../../Dependencies/SwiftCommonsData/Pod-1.5.0.podspec"
  SwiftCommonsDiagnostics:
    :path: "../../Dependencies/SwiftCommonsDiagnostics/Pod-1.5.0.podspec"
  SwiftCommonsExtensions:
    :path: "../../Dependencies/SwiftCommonsExtensions/Pod-1.5.0.podspec"
  SwiftCommonsLang:
    :path: "../../Dependencies/SwiftCommonsLang/Pod-1.5.0.podspec"
  SwiftCommonsLogging:
    :path: "../../Dependencies/SwiftCommonsLogging/Pod-1.5.0.podspec"
  SwiftCommonsObjC:
    :path: "../../Dependencies/SwiftCommonsObjC/Pod-1.5.0.podspec"
  SwiftReorder:
    :path: "../../Dependencies/SwiftReorder/Pod-6.0.1.podspec"
  SwiftyJSON:
    :path: "../../Dependencies/SwiftyJSON/Pod-4.2.0.podspec"
  Toast:
    :path: "../../Dependencies/Toast/Pod-4.0.0.podspec"

SPEC CHECKSUMS:
  Alamofire: 34cb1c7a92b0db4ff22e8256c30083309a7784fb
  Armchair: a5ce4292e80a78f225aee6e0374167a33a479127
  Bolts: 23a5456e2f891e82eef2d70a3d57bf2ebe095d63
  Charts: 1b0bc6fd2ca398d3216e8968121292717feefa9c
  ContentProviders: ec9151100d5ba61fb5fa374a757874177f660f2a
  ContentProvidersSQLite: 38c836f75dff01f0c31dfbf8ea42a64f62cab387
  CryptoSwift: 093dbdad5d8784a42f48dd0afac2db1762497bea
  Differentiator: 6457101673ee46d07b847c7f0366193df56b630b
  Dispatch: 09ed10effbc2b184b4aa08a959a4ce2ed3aab48c
  FBSDKCoreKit: 91d225c7fb0d0a90ef834911741eefea1575a5ba
  GHODictionary: 22ee5848491d0bb117d24d8f1aa684adcea18467
  GzipSwift: f039505303ff7c1e8ccb03909dfe81df1a42bd7b
  HMSegmentedControl: 6c8a58ad736e4f82bec08afa6cc1eb8d343837bf
  INTULocationManager: 9c73045c65db616e1102d9e70fbd789ec5e6b178
  KeychainAccess: f843db9a1b05d34a2d7be2ed00c9c4d95c3d5ccb
  lottie-ios: 897cda14d36d6b28b0c39ec9dd4e5675cd740b2b
  MBProgressHUD: bd213db1bf701076fe3c29e8208804197d247185
  ModernDesign: d87cab1a5babace10bdd05b0025f5d49681a20e6
  ModernDesignExtensions: 05b0c19889aefe4ac9c236c335d47633d74e3041
  MPMessagePack: b01dfc614a0445fc905b5a6a54721168e6ae2c06
  MXPagerView: 99134adaf5255cf2832063e9a3df2dd315400e62
  MXParallaxHeader: 1a5ebbbaf5b2e85ed90a55a084d2df380191109b
  MXSegmentedPager: 9495ebea2d321371dfe67059a54a368abc89a0da
  NetworkingApi: 0c8feb7f485851b4795c88f99d0fdfdc683b9bf7
  NetworkingApiConverters: d12efe5f059d37ff986b784d6c87bda504d41c06
  NetworkingApiHelpers: 792b3f2bffd909d5715f5ed1772c01b90b2f60fe
  NetworkingApiHttp: 3f4ad7212f5bc27a8131d2a7d62f1e6a30ef3a2e
  NetworkingApiObjC: 198ad0ce8b68681b07892f4fd0acaf7887865ab5
  NetworkingApiRest: 97bb167af5f853c975e209241688ef2dd9be5c4a
  PDTSimpleCalendar: e11ac67b95e898579b87dbe96a17370943133eba
  PureLayout: cff5d0e0340a7fe9abebf9529ad39fdeef14e4d5
  R.swift: 4839d9e7beadb9be5cd35802953d442a5fa779f3
  R.swift.Library: 475df40fa05fa8bf603b93807b82560c99a4e96b
  ROStorageBar: 8eb50d659906b7fec530b8efe3d4b35dc5bfdfd7
  RxAtomic: e731fe1885d2d15aa9babd92f79f8099a789e48a
  RxCocoa: f905e004fafed329a1048adf83dc66819e6a9afa
  RxDataSources: 67f7977774c0f46d1e3fd65f4ac5792082b2af66
  RxSwift: ed6a64ba5a40b1d7235ffcc0f5fb1737d01155f6
  SDWebImage: afbe50a88d9e3c63041e0cc5c5febb5f9569fd80
  Siren: d31551131c4ce548c294b8f602b337f3a72423a5
  SlideMenuControllerSwift: 6c1ef6f85322ac62951d943d473a6b53edf2ea30
  SQLCipher: 9bc82a0f5edb77db8157c6779f6feb8c7bd0f7d7
  SQLite.swift: 2e6cd9d9980093c2cdcd73184d35bece0919d602
  SwiftCommons: da3b9afac1adc788531fea8c682b370230ba6455
  SwiftCommonsAbstractions: a554ecccb51de1b42b3aa0f9a843e9e55fe0a339
  SwiftCommonsConcurrent: a7ed69becf011a4168cdf467e919b3e4f3043696
  SwiftCommonsData: 2365a48d31742cb507e1a08e7f8e0d0e1c002552
  SwiftCommonsDiagnostics: 1e39bd56c8a126d71bb6b7fa7f7829e690ca9cdb
  SwiftCommonsExtensions: 34702ff91021310c2ab69b37fb0840a9e9dbc9f5
  SwiftCommonsLang: 5cb400fde7b3493e954c30e657e8da1c70d137c8
  SwiftCommonsLogging: 53520da4c56983f262201356ff15d538317b6b83
  SwiftCommonsObjC: 547f6603441e930401b799fdc70300234a9cbcca
  SwiftReorder: e185e9d09c91ff5a3204ef02cc36acf3d064eb6d
  SwiftyJSON: f66a6ef8ad5e71041dc690a63853ca80e456d6c1
  Toast: b228841fd8a4bd64d030c37c4e474ee934704e22

PODFILE CHECKSUM: 40b66b339baef8bed117d7faddd0bda0f67edc3b

COCOAPODS: 1.10.0
