PODS:
  - Alamofire (4.7.3)
  - Armchair (0.3.5)
  - Bolts (1.9.0):
    - Bolts/AppLinks (= 1.9.0)
    - Bolts/Tasks (= 1.9.0)
  - Bolts/AppLinks (1.9.0):
    - Bolts/Tasks
  - Bolts/Tasks (1.9.0)
  - ContentProviders (1.2.1):
    - ContentProviders/SQLite (= 1.2.1)
  - ContentProviders/SQLite (1.2.1):
    - ContentProvidersSQLite (= 1.2.1)
  - ContentProvidersSQLite (1.2.1):
    - CryptoSwift (~> 0.12.0)
    - SQLite.swift/SQLCipher (~> 0.11.4)
    - SwiftCommons/Concurrent (~> 1.2.6)
    - SwiftCommons/Extensions (~> 1.2.6)
  - CryptoSwift (0.12.0)
  - Differentiator (3.0.2)
  - Dispatch (2.0.4)
  - FBSDKCoreKit (4.31.1):
    - Bolts (~> 1.7)
  - GzipSwift (4.0.4)
  - HMSegmentedControl (1.5.4)
  - INTULocationManager (4.3.0)
  - KeychainAccess (3.1.0)
  - MBProgressHUD (1.1.0)
  - ModernDesign (1.2.1):
    - ModernDesign/Extensions (= 1.2.1)
  - ModernDesign/Extensions (1.2.1):
    - ModernDesignExtensions (= 1.2.1)
  - ModernDesignExtensions (1.2.1):
    - SwiftCommons/Lang (~> 1.2.6)
  - MXPagerView (0.2.1)
  - MXParallaxHeader (0.6.1)
  - MXSegmentedPager (3.3.0):
    - HMSegmentedControl (~> 1.5.3)
    - MXPagerView (~> 0.2.1)
    - MXParallaxHeader (~> 0.6.1)
  - NetworkingApi (1.2.1):
    - NetworkingApi/Converters (= 1.2.1)
    - NetworkingApi/Helpers (= 1.2.1)
    - NetworkingApi/Http (= 1.2.1)
    - NetworkingApi/ObjC (= 1.2.1)
    - NetworkingApi/Rest (= 1.2.1)
  - NetworkingApi/Converters (1.2.1):
    - NetworkingApiConverters (= 1.2.1)
  - NetworkingApi/Helpers (1.2.1):
    - NetworkingApiHelpers (= 1.2.1)
  - NetworkingApi/Http (1.2.1):
    - NetworkingApiHttp (= 1.2.1)
  - NetworkingApi/ObjC (1.2.1):
    - NetworkingApiObjC (= 1.2.1)
  - NetworkingApi/Rest (1.2.1):
    - NetworkingApiRest (= 1.2.1)
  - NetworkingApiConverters (1.2.1):
    - NetworkingApiRest (= 1.2.1)
    - SwiftCommons/Data (~> 1.2.6)
  - NetworkingApiHelpers (1.2.1):
    - Alamofire (~> 4.7.0)
    - NetworkingApiHttp (= 1.2.1)
  - NetworkingApiHttp (1.2.1):
    - SwiftCommons/Diagnostics (~> 1.2.6)
  - NetworkingApiObjC (1.2.1):
    - Alamofire (~> 4.7.0)
  - NetworkingApiRest (1.2.1):
    - Alamofire (~> 4.7.0)
    - NetworkingApiHelpers (= 1.2.1)
    - NetworkingApiObjC (= 1.2.1)
    - SwiftCommons/Data (~> 1.2.6)
    - SwiftyJSON (~> 4.0.0)
  - PDTSimpleCalendar (0.9.1)
  - PureLayout (3.1.2)
  - R.swift (4.0.0):
    - R.swift.Library (~> 4.0.0)
  - R.swift.Library (4.0.0)
  - ROStorageBar (2.1.3)
  - RxCocoa (4.1.2):
    - RxSwift (~> 4.0)
  - RxDataSources (3.0.2):
    - Differentiator (~> 3.0)
    - RxCocoa (~> 4.0)
    - RxSwift (~> 4.0)
  - RxSwift (4.1.2)
  - SDWebImage/Core (4.3.3)
  - Siren (3.2.3)
  - SlideMenuControllerSwift (4.0.0)
  - SQLCipher (3.4.2):
    - SQLCipher/standard (= 3.4.2)
  - SQLCipher/common (3.4.2)
  - SQLCipher/standard (3.4.2):
    - SQLCipher/common
  - SQLite.swift/SQLCipher (0.11.4):
    - SQLCipher (>= 3.4.0)
  - SwiftCommons (1.2.6):
    - SwiftCommons/Abstractions (= 1.2.6)
    - SwiftCommons/Concurrent (= 1.2.6)
    - SwiftCommons/Data (= 1.2.6)
    - SwiftCommons/Diagnostics (= 1.2.6)
    - SwiftCommons/Extensions (= 1.2.6)
    - SwiftCommons/Lang (= 1.2.6)
    - SwiftCommons/Logging (= 1.2.6)
    - SwiftCommons/ObjC (= 1.2.6)
  - SwiftCommons/Abstractions (1.2.6):
    - SwiftCommonsAbstractions (= 1.2.6)
  - SwiftCommons/Concurrent (1.2.6):
    - SwiftCommonsConcurrent (= 1.2.6)
  - SwiftCommons/Data (1.2.6):
    - SwiftCommonsData (= 1.2.6)
  - SwiftCommons/Diagnostics (1.2.6):
    - SwiftCommonsDiagnostics (= 1.2.6)
  - SwiftCommons/Extensions (1.2.6):
    - SwiftCommonsExtensions (= 1.2.6)
  - SwiftCommons/Lang (1.2.6):
    - SwiftCommonsLang (= 1.2.6)
  - SwiftCommons/Logging (1.2.6):
    - SwiftCommonsLogging (= 1.2.6)
  - SwiftCommons/ObjC (1.2.6):
    - SwiftCommonsObjC (= 1.2.6)
  - SwiftCommonsAbstractions (1.2.6)
  - SwiftCommonsConcurrent (1.2.6):
    - Dispatch (~> 2.0.4)
    - SwiftCommonsObjC (= 1.2.6)
  - SwiftCommonsData (1.2.6):
    - CryptoSwift (~> 0.12.0)
    - SwiftCommonsDiagnostics (= 1.2.6)
  - SwiftCommonsDiagnostics (1.2.6):
    - SwiftCommonsConcurrent (= 1.2.6)
    - SwiftCommonsExtensions (= 1.2.6)
  - SwiftCommonsExtensions (1.2.6):
    - SwiftCommonsAbstractions (= 1.2.6)
    - SwiftCommonsLogging (= 1.2.6)
  - SwiftCommonsLang (1.2.6)
  - SwiftCommonsLogging (1.2.6):
    - SwiftCommonsConcurrent (= 1.2.6)
    - SwiftCommonsLang (= 1.2.6)
  - SwiftCommonsObjC (1.2.6)
  - SwiftReorder (4.0.0)
  - SwiftyJSON (4.0.0)
  - Toast (4.0.0)
  - YandexMobileMetrica (2.9.8):
    - YandexMobileMetrica/Static (= 2.9.8)
  - YandexMobileMetrica/Static (2.9.8)

DEPENDENCIES:
  - Alamofire (from `../../Dependencies/Alamofire/Pod-4.7.3.podspec`)
  - Armchair (from `../../Dependencies/Armchair/Pod-0.3.5-patch.1.podspec`)
  - Bolts (from `../../Dependencies/Bolts/Pod-1.9.0.podspec`)
  - ContentProviders (from `../../Dependencies/ContentProviders/Pod-1.2.1.podspec`)
  - ContentProvidersSQLite (from `../../Dependencies/ContentProvidersSQLite/Pod-1.2.1.podspec`)
  - CryptoSwift (from `../../Dependencies/CryptoSwift/Pod-0.12.0.podspec`)
  - Differentiator (from `../../Dependencies/Differentiator/Pod-3.0.2.podspec`)
  - Dispatch (from `../../Dependencies/Dispatch/Pod-2.0.4.podspec`)
  - FBSDKCoreKit (from `../../Dependencies/FBSDKCoreKit/Pod-4.31.1.podspec`)
  - GzipSwift (from `../../Dependencies/GzipSwift/Pod-4.0.4.podspec`)
  - HMSegmentedControl (from `../../Dependencies/HMSegmentedControl/Pod-1.5.4.podspec`)
  - INTULocationManager (from `../../Dependencies/INTULocationManager/Pod-4.3.0.podspec`)
  - KeychainAccess (from `../../Dependencies/KeychainAccess/Pod-3.1.0.podspec`)
  - MBProgressHUD (from `../../Dependencies/MBProgressHUD/Pod-1.1.0.podspec`)
  - ModernDesign (from `../../Dependencies/ModernDesign/Pod-1.2.1.podspec`)
  - ModernDesignExtensions (from `../../Dependencies/ModernDesignExtensions/Pod-1.2.1.podspec`)
  - MXPagerView (from `../../Dependencies/MXPagerView/Pod-0.2.1.podspec`)
  - MXParallaxHeader (from `../../Dependencies/MXParallaxHeader/Pod-0.6.1.podspec`)
  - MXSegmentedPager (from `../../Dependencies/MXSegmentedPager/Pod-3.3.0.podspec`)
  - NetworkingApi (from `../../Dependencies/NetworkingApi/Pod-1.2.1.podspec`)
  - NetworkingApiConverters (from `../../Dependencies/NetworkingApiConverters/Pod-1.2.1.podspec`)
  - NetworkingApiHelpers (from `../../Dependencies/NetworkingApiHelpers/Pod-1.2.1.podspec`)
  - NetworkingApiHttp (from `../../Dependencies/NetworkingApiHttp/Pod-1.2.1.podspec`)
  - NetworkingApiObjC (from `../../Dependencies/NetworkingApiObjC/Pod-1.2.1.podspec`)
  - NetworkingApiRest (from `../../Dependencies/NetworkingApiRest/Pod-1.2.1.podspec`)
  - PDTSimpleCalendar (from `../../Dependencies/PDTSimpleCalendar/Pod-0.9.1.podspec`)
  - PureLayout (from `../../Dependencies/PureLayout/Pod-3.1.2.podspec`)
  - R.swift (from `../../Dependencies/R.swift/Pod-4.0.0.podspec`)
  - R.swift.Library (from `../../Dependencies/R.swift.Library/Pod-4.0.0-patch.1.podspec`)
  - ROStorageBar (from `../../Dependencies/ROStorageBar/Pod-2.1.3-pach.1.podspec`)
  - RxCocoa (from `../../Dependencies/RxCocoa/Pod-4.1.2.podspec`)
  - RxDataSources (from `../../Dependencies/RxDataSources/Pod-3.0.2.podspec`)
  - RxSwift (from `../../Dependencies/RxSwift/Pod-4.1.2.podspec`)
  - SDWebImage/Core (from `../../Dependencies/SDWebImage/Pod-4.3.3.podspec`)
  - Siren (from `../../Dependencies/Siren/Pod-3.2.3.podspec`)
  - SlideMenuControllerSwift (from `../../Dependencies/SlideMenuControllerSwift/Pod-4.0.0-patch.1.podspec`)
  - SQLCipher/standard (from `../../Dependencies/SQLCipher/Pod-3.4.2.podspec`)
  - SQLite.swift/SQLCipher (from `../../Dependencies/SQLite.swift/Pod-0.11.4.podspec`)
  - SwiftCommons (from `../../Dependencies/SwiftCommons/Pod-1.2.6.podspec`)
  - SwiftCommonsAbstractions (from `../../Dependencies/SwiftCommonsAbstractions/Pod-1.2.6.podspec`)
  - SwiftCommonsConcurrent (from `../../Dependencies/SwiftCommonsConcurrent/Pod-1.2.6.podspec`)
  - SwiftCommonsData (from `../../Dependencies/SwiftCommonsData/Pod-1.2.6.podspec`)
  - SwiftCommonsDiagnostics (from `../../Dependencies/SwiftCommonsDiagnostics/Pod-1.2.6.podspec`)
  - SwiftCommonsExtensions (from `../../Dependencies/SwiftCommonsExtensions/Pod-1.2.6.podspec`)
  - SwiftCommonsLang (from `../../Dependencies/SwiftCommonsLang/Pod-1.2.6.podspec`)
  - SwiftCommonsLogging (from `../../Dependencies/SwiftCommonsLogging/Pod-1.2.6.podspec`)
  - SwiftCommonsObjC (from `../../Dependencies/SwiftCommonsObjC/Pod-1.2.6.podspec`)
  - SwiftReorder (from `../../Dependencies/SwiftReorder/Pod-4.0.0.podspec`)
  - SwiftyJSON (from `../../Dependencies/SwiftyJSON/Pod-4.0.0.podspec`)
  - Toast (from `../../Dependencies/Toast/Pod-4.0.0.podspec`)
  - YandexMobileMetrica (from `../../Dependencies/YandexMobileMetrica/Pod-2.9.8.podspec`)

EXTERNAL SOURCES:
  Alamofire:
    :path: "../../Dependencies/Alamofire/Pod-4.7.3.podspec"
  Armchair:
    :path: "../../Dependencies/Armchair/Pod-0.3.5-patch.1.podspec"
  Bolts:
    :path: "../../Dependencies/Bolts/Pod-1.9.0.podspec"
  ContentProviders:
    :path: "../../Dependencies/ContentProviders/Pod-1.2.1.podspec"
  ContentProvidersSQLite:
    :path: "../../Dependencies/ContentProvidersSQLite/Pod-1.2.1.podspec"
  CryptoSwift:
    :path: "../../Dependencies/CryptoSwift/Pod-0.12.0.podspec"
  Differentiator:
    :path: "../../Dependencies/Differentiator/Pod-3.0.2.podspec"
  Dispatch:
    :path: "../../Dependencies/Dispatch/Pod-2.0.4.podspec"
  FBSDKCoreKit:
    :path: "../../Dependencies/FBSDKCoreKit/Pod-4.31.1.podspec"
  GzipSwift:
    :path: "../../Dependencies/GzipSwift/Pod-4.0.4.podspec"
  HMSegmentedControl:
    :path: "../../Dependencies/HMSegmentedControl/Pod-1.5.4.podspec"
  INTULocationManager:
    :path: "../../Dependencies/INTULocationManager/Pod-4.3.0.podspec"
  KeychainAccess:
    :path: "../../Dependencies/KeychainAccess/Pod-3.1.0.podspec"
  MBProgressHUD:
    :path: "../../Dependencies/MBProgressHUD/Pod-1.1.0.podspec"
  ModernDesign:
    :path: "../../Dependencies/ModernDesign/Pod-1.2.1.podspec"
  ModernDesignExtensions:
    :path: "../../Dependencies/ModernDesignExtensions/Pod-1.2.1.podspec"
  MXPagerView:
    :path: "../../Dependencies/MXPagerView/Pod-0.2.1.podspec"
  MXParallaxHeader:
    :path: "../../Dependencies/MXParallaxHeader/Pod-0.6.1.podspec"
  MXSegmentedPager:
    :path: "../../Dependencies/MXSegmentedPager/Pod-3.3.0.podspec"
  NetworkingApi:
    :path: "../../Dependencies/NetworkingApi/Pod-1.2.1.podspec"
  NetworkingApiConverters:
    :path: "../../Dependencies/NetworkingApiConverters/Pod-1.2.1.podspec"
  NetworkingApiHelpers:
    :path: "../../Dependencies/NetworkingApiHelpers/Pod-1.2.1.podspec"
  NetworkingApiHttp:
    :path: "../../Dependencies/NetworkingApiHttp/Pod-1.2.1.podspec"
  NetworkingApiObjC:
    :path: "../../Dependencies/NetworkingApiObjC/Pod-1.2.1.podspec"
  NetworkingApiRest:
    :path: "../../Dependencies/NetworkingApiRest/Pod-1.2.1.podspec"
  PDTSimpleCalendar:
    :path: "../../Dependencies/PDTSimpleCalendar/Pod-0.9.1.podspec"
  PureLayout:
    :path: "../../Dependencies/PureLayout/Pod-3.1.2.podspec"
  R.swift:
    :path: "../../Dependencies/R.swift/Pod-4.0.0.podspec"
  R.swift.Library:
    :path: "../../Dependencies/R.swift.Library/Pod-4.0.0-patch.1.podspec"
  ROStorageBar:
    :path: "../../Dependencies/ROStorageBar/Pod-2.1.3-pach.1.podspec"
  RxCocoa:
    :path: "../../Dependencies/RxCocoa/Pod-4.1.2.podspec"
  RxDataSources:
    :path: "../../Dependencies/RxDataSources/Pod-3.0.2.podspec"
  RxSwift:
    :path: "../../Dependencies/RxSwift/Pod-4.1.2.podspec"
  SDWebImage:
    :path: "../../Dependencies/SDWebImage/Pod-4.3.3.podspec"
  Siren:
    :path: "../../Dependencies/Siren/Pod-3.2.3.podspec"
  SlideMenuControllerSwift:
    :path: "../../Dependencies/SlideMenuControllerSwift/Pod-4.0.0-patch.1.podspec"
  SQLCipher:
    :path: "../../Dependencies/SQLCipher/Pod-3.4.2.podspec"
  SQLite.swift:
    :path: "../../Dependencies/SQLite.swift/Pod-0.11.4.podspec"
  SwiftCommons:
    :path: "../../Dependencies/SwiftCommons/Pod-1.2.6.podspec"
  SwiftCommonsAbstractions:
    :path: "../../Dependencies/SwiftCommonsAbstractions/Pod-1.2.6.podspec"
  SwiftCommonsConcurrent:
    :path: "../../Dependencies/SwiftCommonsConcurrent/Pod-1.2.6.podspec"
  SwiftCommonsData:
    :path: "../../Dependencies/SwiftCommonsData/Pod-1.2.6.podspec"
  SwiftCommonsDiagnostics:
    :path: "../../Dependencies/SwiftCommonsDiagnostics/Pod-1.2.6.podspec"
  SwiftCommonsExtensions:
    :path: "../../Dependencies/SwiftCommonsExtensions/Pod-1.2.6.podspec"
  SwiftCommonsLang:
    :path: "../../Dependencies/SwiftCommonsLang/Pod-1.2.6.podspec"
  SwiftCommonsLogging:
    :path: "../../Dependencies/SwiftCommonsLogging/Pod-1.2.6.podspec"
  SwiftCommonsObjC:
    :path: "../../Dependencies/SwiftCommonsObjC/Pod-1.2.6.podspec"
  SwiftReorder:
    :path: "../../Dependencies/SwiftReorder/Pod-4.0.0.podspec"
  SwiftyJSON:
    :path: "../../Dependencies/SwiftyJSON/Pod-4.0.0.podspec"
  Toast:
    :path: "../../Dependencies/Toast/Pod-4.0.0.podspec"
  YandexMobileMetrica:
    :path: "../../Dependencies/YandexMobileMetrica/Pod-2.9.8.podspec"

SPEC CHECKSUMS:
  Alamofire: 2532b5555c424ea538e3fbeb682727c4b6365f22
  Armchair: 3f53fd7edd89b2329f035ad26e61995b78916485
  Bolts: 6cbdcb9eb120f3842929113a283c763596d6b8a1
  ContentProviders: 9877152a905609859a3db1bfa4a35b11cd13fde7
  ContentProvidersSQLite: 69c95b5585262f8912522518c467df5c91f6e208
  CryptoSwift: d680e652e3e697e497dec111deabfcb8b72f5e76
  Differentiator: bd0991bcd45db47dbf61a2dc7a9b6b56324ed57f
  Dispatch: 12ed335ad6069186f2f9b31fd30836130136b1b1
  FBSDKCoreKit: d41f319e3951a5659967edf2442d3134d4c8e625
  GzipSwift: 55fbaf0631125e6c2d155c1c963e342d7ddf7c5e
  HMSegmentedControl: 3c14121c890966561c9b3204ab7c2e4335921ade
  INTULocationManager: 3c64d7eab1691fbf395a11c0731f05e6ba8ab43e
  KeychainAccess: bdf6e8de44d96c5d0c5c5397cda56c4eca89c151
  MBProgressHUD: e05a07887454610da3b21df27800c706d20fa1a4
  ModernDesign: 35d340848b356643e4ea90a5fa6c736a4ce1fd5b
  ModernDesignExtensions: baae8532d0f049832fba37b9562d0c962192ae9c
  MXPagerView: 32d1c505c33297049e87ef2a716d7e5b06e21ac7
  MXParallaxHeader: 5fb629d86a7b402dc1279c945715db7ff72bf43f
  MXSegmentedPager: 01b210656b661bdcee269dfc55f94095ef5ac30d
  NetworkingApi: 6392a49126ace094a7b066d1bf25705792f31c7d
  NetworkingApiConverters: d9bc6bc4da5ae572218d7bfc0067ee79d6af627c
  NetworkingApiHelpers: c352d91d7406a2794d8333365af27fb6b4c652a9
  NetworkingApiHttp: 557a0e093e34d2474ffe4cfc0bcc89619c3572f7
  NetworkingApiObjC: e84688c3861d7740f18389ee177a50ab41841ee3
  NetworkingApiRest: ced9218f0c05f2ac98f8ca82949edb5ac3a381f0
  PDTSimpleCalendar: aa4fb94513044c71c7478f8d423a5b9b6c079134
  PureLayout: d972446f31e5e09bd3038b58bd16ed801a70e3ae
  R.swift: 32957e4ae5c452aef8ec149ec2235a3d495fe9db
  R.swift.Library: 820bd47418b9afc6a77efe3ec6a9bc76dc377f6d
  ROStorageBar: 26cde54cb44e187fcf73c735c2c31161775b5a37
  RxCocoa: 9bbd0949c9463e1d58593690f95068d68d27560f
  RxDataSources: aed3585dc1e1055f589e18a733a99fe277088032
  RxSwift: 2a7609c85c6c38f06d1ce8ecc5645ebf7cd25c10
  SDWebImage: af9c41bb438149082e18575cd784c5937a8dd39a
  Siren: ae049537ab7fcc9f97dcead5c6fd2d0c7d78ffad
  SlideMenuControllerSwift: 7fa8c77d84d8eb9fd4e3e8cae2bda2eef2dd5b89
  SQLCipher: de1e8ff82e4783efb19bcebe616c6e6e895b68ba
  SQLite.swift: 0fa00510c7a08c4482608c94ae6c7fc85cca1c87
  SwiftCommons: a7861d7c0549576f3de197f31f021f990252cc3e
  SwiftCommonsAbstractions: b6435c64c6fdc5581bdb23a6085d89f372f935b6
  SwiftCommonsConcurrent: 78eab4e0c2c0fa906ee5a471e9ea64dbd9507610
  SwiftCommonsData: 10b5467ea60cf3cf465ca8d1e742b8f3ca8ad544
  SwiftCommonsDiagnostics: 13df2c8e945296633e2558cc5078f15aff00b2c0
  SwiftCommonsExtensions: e6514f4125a3d0e973071d7c0d577b0932bc9da7
  SwiftCommonsLang: c2be026e4fdf441ee537c3b08e06af48274d711d
  SwiftCommonsLogging: 6891b4d916cff712383d1d137ef85e235cba5975
  SwiftCommonsObjC: 93b868c6bb52f623d23356442d9aa77631ed3428
  SwiftReorder: 1afd0df17ff18685b022456ca651932afaa2288d
  SwiftyJSON: 2ff48aaf452bd09a67194c35fc3ab32c2954057d
  Toast: 1a67606a38381b7d2f0d57101e8b60e1f99ac8ce
  YandexMobileMetrica: 24141bba0126ec4db1dadcd20d85ae590273dbaa

PODFILE CHECKSUM: d07b0626de10174f3d4e06d90bab310e0cf4f792

COCOAPODS: 1.5.3
